
Microsoft Visual Studio Solution File, Format Version 12.00
# Visual Studio Version 16
VisualStudioVersion = 16.0.31005.135
MinimumVisualStudioVersion = 10.0.40219.1
Project("{FAE04EC0-301F-11D3-BF4B-00C04F79EFBC}") = "StockAnalysisMain", "StockAnalysisMain.csproj", "{C3863417-341A-4C58-9AF7-A191F3DADFB8}"
EndProject
Project("{FAE04EC0-301F-11D3-BF4B-00C04F79EFBC}") = "BotTraderCore", "BotTraderCore\BotTraderCore.csproj", "{C258169E-7C6F-4E1A-BD39-34D8003722DE}"
EndProject
Project("{FAE04EC0-301F-11D3-BF4B-00C04F79EFBC}") = "BotTraderTests", "BotTraderTests\BotTraderTests.csproj", "{509FEE3F-03C5-458F-9068-F4A6B9CC78C2}"
EndProject
Project("{FAE04EC0-301F-11D3-BF4B-00C04F79EFBC}") = "TestCaseGeneratorCore", "TestCaseGeneratorCore\TestCaseGeneratorCore.csproj", "{65C2599B-33C1-497B-B24E-DFC3764D638B}"
EndProject
Project("{FAE04EC0-301F-11D3-BF4B-00C04F79EFBC}") = "TickGraphCore", "TickGraphCore\TickGraphCore.csproj", "{D9FE6E27-4C55-474E-AA78-7AC7F6168A46}"
EndProject
Project("{FAE04EC0-301F-11D3-BF4B-00C04F79EFBC}") = "TestCaseGeneratorUI", "TestCaseGeneratorUI\TestCaseGeneratorUI.csproj", "{4F0144B5-8BF1-439D-A2AB-55B712B3A11C}"
EndProject
Global
	GlobalSection(SolutionConfigurationPlatforms) = preSolution
		Debug|Any CPU = Debug|Any CPU
		Release|Any CPU = Release|Any CPU
	EndGlobalSection
	GlobalSection(ProjectConfigurationPlatforms) = postSolution
		{C3863417-341A-4C58-9AF7-A191F3DADFB8}.Debug|Any CPU.ActiveCfg = Debug|Any CPU
		{C3863417-341A-4C58-9AF7-A191F3DADFB8}.Debug|Any CPU.Build.0 = Debug|Any CPU
		{C3863417-341A-4C58-9AF7-A191F3DADFB8}.Release|Any CPU.ActiveCfg = Release|Any CPU
		{C3863417-341A-4C58-9AF7-A191F3DADFB8}.Release|Any CPU.Build.0 = Release|Any CPU
		{C258169E-7C6F-4E1A-BD39-34D8003722DE}.Debug|Any CPU.ActiveCfg = Debug|Any CPU
		{C258169E-7C6F-4E1A-BD39-34D8003722DE}.Debug|Any CPU.Build.0 = Debug|Any CPU
		{C258169E-7C6F-4E1A-BD39-34D8003722DE}.Release|Any CPU.ActiveCfg = Release|Any CPU
		{C258169E-7C6F-4E1A-BD39-34D8003722DE}.Release|Any CPU.Build.0 = Release|Any CPU
		{509FEE3F-03C5-458F-9068-F4A6B9CC78C2}.Debug|Any CPU.ActiveCfg = Debug|Any CPU
		{509FEE3F-03C5-458F-9068-F4A6B9CC78C2}.Debug|Any CPU.Build.0 = Debug|Any CPU
		{509FEE3F-03C5-458F-9068-F4A6B9CC78C2}.Release|Any CPU.ActiveCfg = Release|Any CPU
		{509FEE3F-03C5-458F-9068-F4A6B9CC78C2}.Release|Any CPU.Build.0 = Release|Any CPU
		{65C2599B-33C1-497B-B24E-DFC3764D638B}.Debug|Any CPU.ActiveCfg = Debug|Any CPU
		{65C2599B-33C1-497B-B24E-DFC3764D638B}.Debug|Any CPU.Build.0 = Debug|Any CPU
		{65C2599B-33C1-497B-B24E-DFC3764D638B}.Release|Any CPU.ActiveCfg = Release|Any CPU
		{65C2599B-33C1-497B-B24E-DFC3764D638B}.Release|Any CPU.Build.0 = Release|Any CPU
		{D9FE6E27-4C55-474E-AA78-7AC7F6168A46}.Debug|Any CPU.ActiveCfg = Debug|Any CPU
		{D9FE6E27-4C55-474E-AA78-7AC7F6168A46}.Debug|Any CPU.Build.0 = Debug|Any CPU
		{D9FE6E27-4C55-474E-AA78-7AC7F6168A46}.Release|Any CPU.ActiveCfg = Release|Any CPU
		{D9FE6E27-4C55-474E-AA78-7AC7F6168A46}.Release|Any CPU.Build.0 = Release|Any CPU
		{4F0144B5-8BF1-439D-A2AB-55B712B3A11C}.Debug|Any CPU.ActiveCfg = Debug|Any CPU
		{4F0144B5-8BF1-439D-A2AB-55B712B3A11C}.Debug|Any CPU.Build.0 = Debug|Any CPU
		{4F0144B5-8BF1-439D-A2AB-55B712B3A11C}.Release|Any CPU.ActiveCfg = Release|Any CPU
		{4F0144B5-8BF1-439D-A2AB-55B712B3A11C}.Release|Any CPU.Build.0 = Release|Any CPU
	EndGlobalSection
	GlobalSection(SolutionProperties) = preSolution
		HideSolutionNode = FALSE
	EndGlobalSection
	GlobalSection(ExtensibilityGlobals) = postSolution
		SolutionGuid = {76725D65-02E2-4446-AA8A-88BB9C4501C4}
	EndGlobalSection
EndGlobal
